// !$*UTF8*$!
{
	archiveVersion = 1;
	classes = {
	};
	objectVersion = 50;
	objects = {

/* Begin PBXBuildFile section */
		FF1F1F8E23EC805200416E3E /* AppDelegate.swift in Sources */ = {isa = PBXBuildFile; fileRef = FF1F1F8D23EC805200416E3E /* AppDelegate.swift */; };
		FF1F1F9023EC805200416E3E /* SceneDelegate.swift in Sources */ = {isa = PBXBuildFile; fileRef = FF1F1F8F23EC805200416E3E /* SceneDelegate.swift */; };
		FF1F1F9223EC805200416E3E /* ViewController.swift in Sources */ = {isa = PBXBuildFile; fileRef = FF1F1F9123EC805200416E3E /* ViewController.swift */; };
		FF1F1F9523EC805200416E3E /* Main.storyboard in Resources */ = {isa = PBXBuildFile; fileRef = FF1F1F9323EC805200416E3E /* Main.storyboard */; };
		FF1F1F9723EC805300416E3E /* Assets.xcassets in Resources */ = {isa = PBXBuildFile; fileRef = FF1F1F9623EC805300416E3E /* Assets.xcassets */; };
		FF1F1F9A23EC805300416E3E /* LaunchScreen.storyboard in Resources */ = {isa = PBXBuildFile; fileRef = FF1F1F9823EC805300416E3E /* LaunchScreen.storyboard */; };
		FF1F1FA523EC805300416E3E /* Homework2Tests.swift in Sources */ = {isa = PBXBuildFile; fileRef = FF1F1FA423EC805300416E3E /* Homework2Tests.swift */; };
		FF1F1FB023EC805300416E3E /* Homework2UITests.swift in Sources */ = {isa = PBXBuildFile; fileRef = FF1F1FAF23EC805300416E3E /* Homework2UITests.swift */; };
/* End PBXBuildFile section */

/* Begin PBXContainerItemProxy section */
		FF1F1FA123EC805300416E3E /* PBXContainerItemProxy */ = {
			isa = PBXContainerItemProxy;
			containerPortal = FF1F1F8223EC805200416E3E /* Project object */;
			proxyType = 1;
			remoteGlobalIDString = FF1F1F8923EC805200416E3E;
			remoteInfo = Homework2;
		};
		FF1F1FAC23EC805300416E3E /* PBXContainerItemProxy */ = {
			isa = PBXContainerItemProxy;
			containerPortal = FF1F1F8223EC805200416E3E /* Project object */;
			proxyType = 1;
			remoteGlobalIDString = FF1F1F8923EC805200416E3E;
			remoteInfo = Homework2;
		};
/* End PBXContainerItemProxy section */

/* Begin PBXFileReference section */
		FF1F1F8A23EC805200416E3E /* Homework2.app */ = {isa = PBXFileReference; explicitFileType = wrapper.application; includeInIndex = 0; path = Homework2.app; sourceTree = BUILT_PRODUCTS_DIR; };
		FF1F1F8D23EC805200416E3E /* AppDelegate.swift */ = {isa = PBXFileReference; lastKnownFileType = sourcecode.swift; path = AppDelegate.swift; sourceTree = "<group>"; };
		FF1F1F8F23EC805200416E3E /* SceneDelegate.swift */ = {isa = PBXFileReference; lastKnownFileType = sourcecode.swift; path = SceneDelegate.swift; sourceTree = "<group>"; };
		FF1F1F9123EC805200416E3E /* ViewController.swift */ = {isa = PBXFileReference; lastKnownFileType = sourcecode.swift; path = ViewController.swift; sourceTree = "<group>"; };
		FF1F1F9423EC805200416E3E /* Base */ = {isa = PBXFileReference; lastKnownFileType = file.storyboard; name = Base; path = Base.lproj/Main.storyboard; sourceTree = "<group>"; };
		FF1F1F9623EC805300416E3E /* Assets.xcassets */ = {isa = PBXFileReference; lastKnownFileType = folder.assetcatalog; path = Assets.xcassets; sourceTree = "<group>"; };
		FF1F1F9923EC805300416E3E /* Base */ = {isa = PBXFileReference; lastKnownFileType = file.storyboard; name = Base; path = Base.lproj/LaunchScreen.storyboard; sourceTree = "<group>"; };
		FF1F1F9B23EC805300416E3E /* Info.plist */ = {isa = PBXFileReference; lastKnownFileType = text.plist.xml; path = Info.plist; sourceTree = "<group>"; };
		FF1F1FA023EC805300416E3E /* Homework2Tests.xctest */ = {isa = PBXFileReference; explicitFileType = wrapper.cfbundle; includeInIndex = 0; path = Homework2Tests.xctest; sourceTree = BUILT_PRODUCTS_DIR; };
		FF1F1FA423EC805300416E3E /* Homework2Tests.swift */ = {isa = PBXFileReference; lastKnownFileType = sourcecode.swift; path = Homework2Tests.swift; sourceTree = "<group>"; };
		FF1F1FA623EC805300416E3E /* Info.plist */ = {isa = PBXFileReference; lastKnownFileType = text.plist.xml; path = Info.plist; sourceTree = "<group>"; };
		FF1F1FAB23EC805300416E3E /* Homework2UITests.xctest */ = {isa = PBXFileReference; explicitFileType = wrapper.cfbundle; includeInIndex = 0; path = Homework2UITests.xctest; sourceTree = BUILT_PRODUCTS_DIR; };
		FF1F1FAF23EC805300416E3E /* Homework2UITests.swift */ = {isa = PBXFileReference; lastKnownFileType = sourcecode.swift; path = Homework2UITests.swift; sourceTree = "<group>"; };
		FF1F1FB123EC805300416E3E /* Info.plist */ = {isa = PBXFileReference; lastKnownFileType = text.plist.xml; path = Info.plist; sourceTree = "<group>"; };
/* End PBXFileReference section */

/* Begin PBXFrameworksBuildPhase section */
		FF1F1F8723EC805200416E3E /* Frameworks */ = {
			isa = PBXFrameworksBuildPhase;
			buildActionMask = 2147483647;
			files = (
			);
			runOnlyForDeploymentPostprocessing = 0;
		};
		FF1F1F9D23EC805300416E3E /* Frameworks */ = {
			isa = PBXFrameworksBuildPhase;
			buildActionMask = 2147483647;
			files = (
			);
			runOnlyForDeploymentPostprocessing = 0;
		};
		FF1F1FA823EC805300416E3E /* Frameworks */ = {
			isa = PBXFrameworksBuildPhase;
			buildActionMask = 2147483647;
			files = (
			);
			runOnlyForDeploymentPostprocessing = 0;
		};
/* End PBXFrameworksBuildPhase section */

/* Begin PBXGroup section */
		FF1F1F8123EC805200416E3E = {
			isa = PBXGroup;
			children = (
				FF1F1F8C23EC805200416E3E /* Homework2 */,
				FF1F1FA323EC805300416E3E /* Homework2Tests */,
				FF1F1FAE23EC805300416E3E /* Homework2UITests */,
				FF1F1F8B23EC805200416E3E /* Products */,
			);
			sourceTree = "<group>";
		};
		FF1F1F8B23EC805200416E3E /* Products */ = {
			isa = PBXGroup;
			children = (
				FF1F1F8A23EC805200416E3E /* Homework2.app */,
				FF1F1FA023EC805300416E3E /* Homework2Tests.xctest */,
				FF1F1FAB23EC805300416E3E /* Homework2UITests.xctest */,
			);
			name = Products;
			sourceTree = "<group>";
		};
		FF1F1F8C23EC805200416E3E /* Homework2 */ = {
			isa = PBXGroup;
			children = (
				FF1F1F8D23EC805200416E3E /* AppDelegate.swift */,
				FF1F1F8F23EC805200416E3E /* SceneDelegate.swift */,
				FF1F1F9123EC805200416E3E /* ViewController.swift */,
				FF1F1F9323EC805200416E3E /* Main.storyboard */,
				FF1F1F9623EC805300416E3E /* Assets.xcassets */,
				FF1F1F9823EC805300416E3E /* LaunchScreen.storyboard */,
				FF1F1F9B23EC805300416E3E /* Info.plist */,
			);
			path = Homework2;
			sourceTree = "<group>";
		};
		FF1F1FA323EC805300416E3E /* Homework2Tests */ = {
			isa = PBXGroup;
			children = (
				FF1F1FA423EC805300416E3E /* Homework2Tests.swift */,
				FF1F1FA623EC805300416E3E /* Info.plist */,
			);
			path = Homework2Tests;
			sourceTree = "<group>";
		};
		FF1F1FAE23EC805300416E3E /* Homework2UITests */ = {
			isa = PBXGroup;
			children = (
				FF1F1FAF23EC805300416E3E /* Homework2UITests.swift */,
				FF1F1FB123EC805300416E3E /* Info.plist */,
			);
			path = Homework2UITests;
			sourceTree = "<group>";
		};
/* End PBXGroup section */

/* Begin PBXNativeTarget section */
		FF1F1F8923EC805200416E3E /* Homework2 */ = {
			isa = PBXNativeTarget;
			buildConfigurationList = FF1F1FB423EC805300416E3E /* Build configuration list for PBXNativeTarget "Homework2" */;
			buildPhases = (
				FF1F1F8623EC805200416E3E /* Sources */,
				FF1F1F8723EC805200416E3E /* Frameworks */,
				FF1F1F8823EC805200416E3E /* Resources */,
			);
			buildRules = (
			);
			dependencies = (
			);
			name = Homework2;
			productName = Homework2;
			productReference = FF1F1F8A23EC805200416E3E /* Homework2.app */;
			productType = "com.apple.product-type.application";
		};
		FF1F1F9F23EC805300416E3E /* Homework2Tests */ = {
			isa = PBXNativeTarget;
			buildConfigurationList = FF1F1FB723EC805300416E3E /* Build configuration list for PBXNativeTarget "Homework2Tests" */;
			buildPhases = (
				FF1F1F9C23EC805300416E3E /* Sources */,
				FF1F1F9D23EC805300416E3E /* Frameworks */,
				FF1F1F9E23EC805300416E3E /* Resources */,
			);
			buildRules = (
			);
			dependencies = (
				FF1F1FA223EC805300416E3E /* PBXTargetDependency */,
			);
			name = Homework2Tests;
			productName = Homework2Tests;
			productReference = FF1F1FA023EC805300416E3E /* Homework2Tests.xctest */;
			productType = "com.apple.product-type.bundle.unit-test";
		};
		FF1F1FAA23EC805300416E3E /* Homework2UITests */ = {
			isa = PBXNativeTarget;
			buildConfigurationList = FF1F1FBA23EC805300416E3E /* Build configuration list for PBXNativeTarget "Homework2UITests" */;
			buildPhases = (
				FF1F1FA723EC805300416E3E /* Sources */,
				FF1F1FA823EC805300416E3E /* Frameworks */,
				FF1F1FA923EC805300416E3E /* Resources */,
			);
			buildRules = (
			);
			dependencies = (
				FF1F1FAD23EC805300416E3E /* PBXTargetDependency */,
			);
			name = Homework2UITests;
			productName = Homework2UITests;
			productReference = FF1F1FAB23EC805300416E3E /* Homework2UITests.xctest */;
			productType = "com.apple.product-type.bundle.ui-testing";
		};
/* End PBXNativeTarget section */

/* Begin PBXProject section */
		FF1F1F8223EC805200416E3E /* Project object */ = {
			isa = PBXProject;
			attributes = {
				LastSwiftUpdateCheck = 1130;
				LastUpgradeCheck = 1130;
				ORGANIZATIONNAME = "Talon DeRocco";
				TargetAttributes = {
					FF1F1F8923EC805200416E3E = {
						CreatedOnToolsVersion = 11.3.1;
					};
					FF1F1F9F23EC805300416E3E = {
						CreatedOnToolsVersion = 11.3.1;
						TestTargetID = FF1F1F8923EC805200416E3E;
					};
					FF1F1FAA23EC805300416E3E = {
						CreatedOnToolsVersion = 11.3.1;
						TestTargetID = FF1F1F8923EC805200416E3E;
					};
				};
			};
			buildConfigurationList = FF1F1F8523EC805200416E3E /* Build configuration list for PBXProject "Homework2" */;
			compatibilityVersion = "Xcode 9.3";
			developmentRegion = en;
			hasScannedForEncodings = 0;
			knownRegions = (
				en,
				Base,
			);
			mainGroup = FF1F1F8123EC805200416E3E;
			productRefGroup = FF1F1F8B23EC805200416E3E /* Products */;
			projectDirPath = "";
			projectRoot = "";
			targets = (
				FF1F1F8923EC805200416E3E /* Homework2 */,
				FF1F1F9F23EC805300416E3E /* Homework2Tests */,
				FF1F1FAA23EC805300416E3E /* Homework2UITests */,
			);
		};
/* End PBXProject section */

/* Begin PBXResourcesBuildPhase section */
		FF1F1F8823EC805200416E3E /* Resources */ = {
			isa = PBXResourcesBuildPhase;
			buildActionMask = 2147483647;
			files = (
				FF1F1F9A23EC805300416E3E /* LaunchScreen.storyboard in Resources */,
				FF1F1F9723EC805300416E3E /* Assets.xcassets in Resources */,
				FF1F1F9523EC805200416E3E /* Main.storyboard in Resources */,
			);
			runOnlyForDeploymentPostprocessing = 0;
		};
		FF1F1F9E23EC805300416E3E /* Resources */ = {
			isa = PBXResourcesBuildPhase;
			buildActionMask = 2147483647;
			files = (
			);
			runOnlyForDeploymentPostprocessing = 0;
		};
		FF1F1FA923EC805300416E3E /* Resources */ = {
			isa = PBXResourcesBuildPhase;
			buildActionMask = 2147483647;
			files = (
			);
			runOnlyForDeploymentPostprocessing = 0;
		};
/* End PBXResourcesBuildPhase section */

/* Begin PBXSourcesBuildPhase section */
		FF1F1F8623EC805200416E3E /* Sources */ = {
			isa = PBXSourcesBuildPhase;
			buildActionMask = 2147483647;
			files = (
				FF1F1F9223EC805200416E3E /* ViewController.swift in Sources */,
				FF1F1F8E23EC805200416E3E /* AppDelegate.swift in Sources */,
				FF1F1F9023EC805200416E3E /* SceneDelegate.swift in Sources */,
			);
			runOnlyForDeploymentPostprocessing = 0;
		};
		FF1F1F9C23EC805300416E3E /* Sources */ = {
			isa = PBXSourcesBuildPhase;
			buildActionMask = 2147483647;
			files = (
				FF1F1FA523EC805300416E3E /* Homework2Tests.swift in Sources */,
			);
			runOnlyForDeploymentPostprocessing = 0;
		};
		FF1F1FA723EC805300416E3E /* Sources */ = {
			isa = PBXSourcesBuildPhase;
			buildActionMask = 2147483647;
			files = (
				FF1F1FB023EC805300416E3E /* Homework2UITests.swift in Sources */,
			);
			runOnlyForDeploymentPostprocessing = 0;
		};
/* End PBXSourcesBuildPhase section */

/* Begin PBXTargetDependency section */
		FF1F1FA223EC805300416E3E /* PBXTargetDependency */ = {
			isa = PBXTargetDependency;
			target = FF1F1F8923EC805200416E3E /* Homework2 */;
			targetProxy = FF1F1FA123EC805300416E3E /* PBXContainerItemProxy */;
		};
		FF1F1FAD23EC805300416E3E /* PBXTargetDependency */ = {
			isa = PBXTargetDependency;
			target = FF1F1F8923EC805200416E3E /* Homework2 */;
			targetProxy = FF1F1FAC23EC805300416E3E /* PBXContainerItemProxy */;
		};
/* End PBXTargetDependency section */

/* Begin PBXVariantGroup section */
		FF1F1F9323EC805200416E3E /* Main.storyboard */ = {
			isa = PBXVariantGroup;
			children = (
				FF1F1F9423EC805200416E3E /* Base */,
			);
			name = Main.storyboard;
			sourceTree = "<group>";
		};
		FF1F1F9823EC805300416E3E /* LaunchScreen.storyboard */ = {
			isa = PBXVariantGroup;
			children = (
				FF1F1F9923EC805300416E3E /* Base */,
			);
			name = LaunchScreen.storyboard;
			sourceTree = "<group>";
		};
/* End PBXVariantGroup section */

/* Begin XCBuildConfiguration section */
		FF1F1FB223EC805300416E3E /* Debug */ = {
			isa = XCBuildConfiguration;
			buildSettings = {
				ALWAYS_SEARCH_USER_PATHS = NO;
				CLANG_ANALYZER_NONNULL = YES;
				CLANG_ANALYZER_NUMBER_OBJECT_CONVERSION = YES_AGGRESSIVE;
				CLANG_CXX_LANGUAGE_STANDARD = "gnu++14";
				CLANG_CXX_LIBRARY = "libc++";
				CLANG_ENABLE_MODULES = YES;
				CLANG_ENABLE_OBJC_ARC = YES;
				CLANG_ENABLE_OBJC_WEAK = YES;
				CLANG_WARN_BLOCK_CAPTURE_AUTORELEASING = YES;
				CLANG_WARN_BOOL_CONVERSION = YES;
				CLANG_WARN_COMMA = YES;
				CLANG_WARN_CONSTANT_CONVERSION = YES;
				CLANG_WARN_DEPRECATED_OBJC_IMPLEMENTATIONS = YES;
				CLANG_WARN_DIRECT_OBJC_ISA_USAGE = YES_ERROR;
				CLANG_WARN_DOCUMENTATION_COMMENTS = YES;
				CLANG_WARN_EMPTY_BODY = YES;
				CLANG_WARN_ENUM_CONVERSION = YES;
				CLANG_WARN_INFINITE_RECURSION = YES;
				CLANG_WARN_INT_CONVERSION = YES;
				CLANG_WARN_NON_LITERAL_NULL_CONVERSION = YES;
				CLANG_WARN_OBJC_IMPLICIT_RETAIN_SELF = YES;
				CLANG_WARN_OBJC_LITERAL_CONVERSION = YES;
				CLANG_WARN_OBJC_ROOT_CLASS = YES_ERROR;
				CLANG_WARN_RANGE_LOOP_ANALYSIS = YES;
				CLANG_WARN_STRICT_PROTOTYPES = YES;
				CLANG_WARN_SUSPICIOUS_MOVE = YES;
				CLANG_WARN_UNGUARDED_AVAILABILITY = YES_AGGRESSIVE;
				CLANG_WARN_UNREACHABLE_CODE = YES;
				CLANG_WARN__DUPLICATE_METHOD_MATCH = YES;
				COPY_PHASE_STRIP = NO;
				DEBUG_INFORMATION_FORMAT = dwarf;
				ENABLE_STRICT_OBJC_MSGSEND = YES;
				ENABLE_TESTABILITY = YES;
				GCC_C_LANGUAGE_STANDARD = gnu11;
				GCC_DYNAMIC_NO_PIC = NO;
				GCC_NO_COMMON_BLOCKS = YES;
				GCC_OPTIMIZATION_LEVEL = 0;
				GCC_PREPROCESSOR_DEFINITIONS = (
					"DEBUG=1",
					"$(inherited)",
				);
				GCC_WARN_64_TO_32_BIT_CONVERSION = YES;
				GCC_WARN_ABOUT_RETURN_TYPE = YES_ERROR;
				GCC_WARN_UNDECLARED_SELECTOR = YES;
				GCC_WARN_UNINITIALIZED_AUTOS = YES_AGGRESSIVE;
				GCC_WARN_UNUSED_FUNCTION = YES;
				GCC_WARN_UNUSED_VARIABLE = YES;
				IPHONEOS_DEPLOYMENT_TARGET = 13.2;
				MTL_ENABLE_DEBUG_INFO = INCLUDE_SOURCE;
				MTL_FAST_MATH = YES;
				ONLY_ACTIVE_ARCH = YES;
				SDKROOT = iphoneos;
				SWIFT_ACTIVE_COMPILATION_CONDITIONS = DEBUG;
				SWIFT_OPTIMIZATION_LEVEL = "-Onone";
			};
			name = Debug;
		};
		FF1F1FB323EC805300416E3E /* Release */ = {
			isa = XCBuildConfiguration;
			buildSettings = {
				ALWAYS_SEARCH_USER_PATHS = NO;
				CLANG_ANALYZER_NONNULL = YES;
				CLANG_ANALYZER_NUMBER_OBJECT_CONVERSION = YES_AGGRESSIVE;
				CLANG_CXX_LANGUAGE_STANDARD = "gnu++14";
				CLANG_CXX_LIBRARY = "libc++";
				CLANG_ENABLE_MODULES = YES;
				CLANG_ENABLE_OBJC_ARC = YES;
				CLANG_ENABLE_OBJC_WEAK = YES;
				CLANG_WARN_BLOCK_CAPTURE_AUTORELEASING = YES;
				CLANG_WARN_BOOL_CONVERSION = YES;
				CLANG_WARN_COMMA = YES;
				CLANG_WARN_CONSTANT_CONVERSION = YES;
				CLANG_WARN_DEPRECATED_OBJC_IMPLEMENTATIONS = YES;
				CLANG_WARN_DIRECT_OBJC_ISA_USAGE = YES_ERROR;
				CLANG_WARN_DOCUMENTATION_COMMENTS = YES;
				CLANG_WARN_EMPTY_BODY = YES;
				CLANG_WARN_ENUM_CONVERSION = YES;
				CLANG_WARN_INFINITE_RECURSION = YES;
				CLANG_WARN_INT_CONVERSION = YES;
				CLANG_WARN_NON_LITERAL_NULL_CONVERSION = YES;
				CLANG_WARN_OBJC_IMPLICIT_RETAIN_SELF = YES;
				CLANG_WARN_OBJC_LITERAL_CONVERSION = YES;
				CLANG_WARN_OBJC_ROOT_CLASS = YES_ERROR;
				CLANG_WARN_RANGE_LOOP_ANALYSIS = YES;
				CLANG_WARN_STRICT_PROTOTYPES = YES;
				CLANG_WARN_SUSPICIOUS_MOVE = YES;
				CLANG_WARN_UNGUARDED_AVAILABILITY = YES_AGGRESSIVE;
				CLANG_WARN_UNREACHABLE_CODE = YES;
				CLANG_WARN__DUPLICATE_METHOD_MATCH = YES;
				COPY_PHASE_STRIP = NO;
				DEBUG_INFORMATION_FORMAT = "dwarf-with-dsym";
				ENABLE_NS_ASSERTIONS = NO;
				ENABLE_STRICT_OBJC_MSGSEND = YES;
				GCC_C_LANGUAGE_STANDARD = gnu11;
				GCC_NO_COMMON_BLOCKS = YES;
				GCC_WARN_64_TO_32_BIT_CONVERSION = YES;
				GCC_WARN_ABOUT_RETURN_TYPE = YES_ERROR;
				GCC_WARN_UNDECLARED_SELECTOR = YES;
				GCC_WARN_UNINITIALIZED_AUTOS = YES_AGGRESSIVE;
				GCC_WARN_UNUSED_FUNCTION = YES;
				GCC_WARN_UNUSED_VARIABLE = YES;
				IPHONEOS_DEPLOYMENT_TARGET = 13.2;
				MTL_ENABLE_DEBUG_INFO = NO;
				MTL_FAST_MATH = YES;
				SDKROOT = iphoneos;
				SWIFT_COMPILATION_MODE = wholemodule;
				SWIFT_OPTIMIZATION_LEVEL = "-O";
				VALIDATE_PRODUCT = YES;
			};
			name = Release;
		};
		FF1F1FB523EC805300416E3E /* Debug */ = {
			isa = XCBuildConfiguration;
			buildSettings = {
				ASSETCATALOG_COMPILER_APPICON_NAME = AppIcon;
				CODE_SIGN_STYLE = Automatic;
				DEVELOPMENT_TEAM = 72WK337LB3;
				INFOPLIST_FILE = Homework2/Info.plist;
				LD_RUNPATH_SEARCH_PATHS = (
					"$(inherited)",
					"@executable_path/Frameworks",
				);
				PRODUCT_BUNDLE_IDENTIFIER = HW2.Homework2;
				PRODUCT_NAME = "$(TARGET_NAME)";
				SWIFT_VERSION = 5.0;
				TARGETED_DEVICE_FAMILY = "1,2";
			};
			name = Debug;
		};
		FF1F1FB623EC805300416E3E /* Release */ = {
			isa = XCBuildConfiguration;
			buildSettings = {
				ASSETCATALOG_COMPILER_APPICON_NAME = AppIcon;
				CODE_SIGN_STYLE = Automatic;
				DEVELOPMENT_TEAM = 72WK337LB3;
				INFOPLIST_FILE = Homework2/Info.plist;
				LD_RUNPATH_SEARCH_PATHS = (
					"$(inherited)",
					"@executable_path/Frameworks",
				);
				PRODUCT_BUNDLE_IDENTIFIER = HW2.Homework2;
				PRODUCT_NAME = "$(TARGET_NAME)";
				SWIFT_VERSION = 5.0;
				TARGETED_DEVICE_FAMILY = "1,2";
			};
			name = Release;
		};
		FF1F1FB823EC805300416E3E /* Debug */ = {
			isa = XCBuildConfiguration;
			buildSettings = {
				ALWAYS_EMBED_SWIFT_STANDARD_LIBRARIES = YES;
				BUNDLE_LOADER = "$(TEST_HOST)";
				CODE_SIGN_STYLE = Automatic;
				DEVELOPMENT_TEAM = 72WK337LB3;
				INFOPLIST_FILE = Homework2Tests/Info.plist;
				IPHONEOS_DEPLOYMENT_TARGET = 13.2;
				LD_RUNPATH_SEARCH_PATHS = (
					"$(inherited)",
					"@executable_path/Frameworks",
					"@loader_path/Frameworks",
				);
				PRODUCT_BUNDLE_IDENTIFIER = HW2.Homework2Tests;
				PRODUCT_NAME = "$(TARGET_NAME)";
				SWIFT_VERSION = 5.0;
				TARGETED_DEVICE_FAMILY = "1,2";
				TEST_HOST = "$(BUILT_PRODUCTS_DIR)/Homework2.app/Homework2";
			};
			name = Debug;
		};
		FF1F1FB923EC805300416E3E /* Release */ = {
			isa = XCBuildConfiguration;
			buildSettings = {
				ALWAYS_EMBED_SWIFT_STANDARD_LIBRARIES = YES;
				BUNDLE_LOADER = "$(TEST_HOST)";
				CODE_SIGN_STYLE = Automatic;
				DEVELOPMENT_TEAM = 72WK337LB3;
				INFOPLIST_FILE = Homework2Tests/Info.plist;
				IPHONEOS_DEPLOYMENT_TARGET = 13.2;
				LD_RUNPATH_SEARCH_PATHS = (
					"$(inherited)",
					"@executable_path/Frameworks",
					"@loader_path/Frameworks",
				);
				PRODUCT_BUNDLE_IDENTIFIER = HW2.Homework2Tests;
				PRODUCT_NAME = "$(TARGET_NAME)";
				SWIFT_VERSION = 5.0;
				TARGETED_DEVICE_FAMILY = "1,2";
				TEST_HOST = "$(BUILT_PRODUCTS_DIR)/Homework2.app/Homework2";
			};
			name = Release;
		};
		FF1F1FBB23EC805300416E3E /* Debug */ = {
			isa = XCBuildConfiguration;
			buildSettings = {
				ALWAYS_EMBED_SWIFT_STANDARD_LIBRARIES = YES;
				CODE_SIGN_STYLE = Automatic;
				DEVELOPMENT_TEAM = 72WK337LB3;
				INFOPLIST_FILE = Homework2UITests/Info.plist;
				LD_RUNPATH_SEARCH_PATHS = (
					"$(inherited)",
					"@executable_path/Frameworks",
					"@loader_path/Frameworks",
				);
				PRODUCT_BUNDLE_IDENTIFIER = HW2.Homework2UITests;
				PRODUCT_NAME = "$(TARGET_NAME)";
				SWIFT_VERSION = 5.0;
				TARGETED_DEVICE_FAMILY = "1,2";
				TEST_TARGET_NAME = Homework2;
			};
			name = Debug;
		};
		FF1F1FBC23EC805300416E3E /* Release */ = {
			isa = XCBuildConfiguration;
			buildSettings = {
				ALWAYS_EMBED_SWIFT_STANDARD_LIBRARIES = YES;
				CODE_SIGN_STYLE = Automatic;
				DEVELOPMENT_TEAM = 72WK337LB3;
				INFOPLIST_FILE = Homework2UITests/Info.plist;
				LD_RUNPATH_SEARCH_PATHS = (
					"$(inherited)",
					"@executable_path/Frameworks",
					"@loader_path/Frameworks",
				);
				PRODUCT_BUNDLE_IDENTIFIER = HW2.Homework2UITests;
				PRODUCT_NAME = "$(TARGET_NAME)";
				SWIFT_VERSION = 5.0;
				TARGETED_DEVICE_FAMILY = "1,2";
				TEST_TARGET_NAME = Homework2;
			};
			name = Release;
		};
/* End XCBuildConfiguration section */

/* Begin XCConfigurationList section */
		FF1F1F8523EC805200416E3E /* Build configuration list for PBXProject "Homework2" */ = {
			isa = XCConfigurationList;
			buildConfigurations = (
				FF1F1FB223EC805300416E3E /* Debug */,
				FF1F1FB323EC805300416E3E /* Release */,
			);
			defaultConfigurationIsVisible = 0;
			defaultConfigurationName = Release;
		};
		FF1F1FB423EC805300416E3E /* Build configuration list for PBXNativeTarget "Homework2" */ = {
			isa = XCConfigurationList;
			buildConfigurations = (
				FF1F1FB523EC805300416E3E /* Debug */,
				FF1F1FB623EC805300416E3E /* Release */,
			);
			defaultConfigurationIsVisible = 0;
			defaultConfigurationName = Release;
		};
		FF1F1FB723EC805300416E3E /* Build configuration list for PBXNativeTarget "Homework2Tests" */ = {
			isa = XCConfigurationList;
			buildConfigurations = (
				FF1F1FB823EC805300416E3E /* Debug */,
				FF1F1FB923EC805300416E3E /* Release */,
			);
			defaultConfigurationIsVisible = 0;
			defaultConfigurationName = Release;
		};
		FF1F1FBA23EC805300416E3E /* Build configuration list for PBXNativeTarget "Homework2UITests" */ = {
			isa = XCConfigurationList;
			buildConfigurations = (
				FF1F1FBB23EC805300416E3E /* Debug */,
				FF1F1FBC23EC805300416E3E /* Release */,
			);
			defaultConfigurationIsVisible = 0;
			defaultConfigurationName = Release;
		};
/* End XCConfigurationList section */
	};
	rootObject = FF1F1F8223EC805200416E3E /* Project object */;
}
